
Microsoft Visual Studio Solution File, Format Version 12.00
# Visual Studio Version 16
VisualStudioVersion = 16.0.32126.315
MinimumVisualStudioVersion = 10.0.40219.1
Project("{8BC9CEB8-8B4A-11D0-8D11-00A0C91BC942}") = "AA_Tema1", "AA_Tema1.vcxproj", "{D2486664-A93D-46EC-A710-F7940066D74F}"
EndProject
Project("{2150E333-8FDC-42A3-9474-1A3956D46DE8}") = "Solution Items", "Solution Items", "{B047B83B-CD06-4E97-A564-2CDF39596310}"
	ProjectSection(SolutionItems) = preProject
		date.in = date.in
		date.out = date.out
	EndProjectSection
EndProject
Global
	GlobalSection(SolutionConfigurationPlatforms) = preSolution
		Debug|x64 = Debug|x64
		Debug|x86 = Debug|x86
		Release|x64 = Release|x64
		Release|x86 = Release|x86
	EndGlobalSection
	GlobalSection(ProjectConfigurationPlatforms) = postSolution
		{D2486664-A93D-46EC-A710-F7940066D74F}.Debug|x64.ActiveCfg = Debug|x64
		{D2486664-A93D-46EC-A710-F7940066D74F}.Debug|x64.Build.0 = Debug|x64
		{D2486664-A93D-46EC-A710-F7940066D74F}.Debug|x86.ActiveCfg = Debug|Win32
		{D2486664-A93D-46EC-A710-F7940066D74F}.Debug|x86.Build.0 = Debug|Win32
		{D2486664-A93D-46EC-A710-F7940066D74F}.Release|x64.ActiveCfg = Release|x64
		{D2486664-A93D-46EC-A710-F7940066D74F}.Release|x64.Build.0 = Release|x64
		{D2486664-A93D-46EC-A710-F7940066D74F}.Release|x86.ActiveCfg = Release|Win32
		{D2486664-A93D-46EC-A710-F7940066D74F}.Release|x86.Build.0 = Release|Win32
	EndGlobalSection
	GlobalSection(SolutionProperties) = preSolution
		HideSolutionNode = FALSE
	EndGlobalSection
	GlobalSection(ExtensibilityGlobals) = postSolution
		SolutionGuid = {31864DA5-42C6-408D-AC42-2297E394938B}
	EndGlobalSection
EndGlobal
