
Microsoft Visual Studio Solution File, Format Version 12.00
# Visual Studio Version 16
VisualStudioVersion = 16.0.31321.278
MinimumVisualStudioVersion = 10.0.40219.1
Project("{8BC9CEB8-8B4A-11D0-8D11-00A0C91BC942}") = "POO_ExamLearn", "POO_ExamLearn\POO_ExamLearn.vcxproj", "{FDD9B275-58CE-42C4-902D-A9F25841DFB6}"
EndProject
Global
	GlobalSection(SolutionConfigurationPlatforms) = preSolution
		Debug|x64 = Debug|x64
		Debug|x86 = Debug|x86
		Release|x64 = Release|x64
		Release|x86 = Release|x86
	EndGlobalSection
	GlobalSection(ProjectConfigurationPlatforms) = postSolution
		{FDD9B275-58CE-42C4-902D-A9F25841DFB6}.Debug|x64.ActiveCfg = Debug|x64
		{FDD9B275-58CE-42C4-902D-A9F25841DFB6}.Debug|x64.Build.0 = Debug|x64
		{FDD9B275-58CE-42C4-902D-A9F25841DFB6}.Debug|x86.ActiveCfg = Debug|Win32
		{FDD9B275-58CE-42C4-902D-A9F25841DFB6}.Debug|x86.Build.0 = Debug|Win32
		{FDD9B275-58CE-42C4-902D-A9F25841DFB6}.Release|x64.ActiveCfg = Release|x64
		{FDD9B275-58CE-42C4-902D-A9F25841DFB6}.Release|x64.Build.0 = Release|x64
		{FDD9B275-58CE-42C4-902D-A9F25841DFB6}.Release|x86.ActiveCfg = Release|Win32
		{FDD9B275-58CE-42C4-902D-A9F25841DFB6}.Release|x86.Build.0 = Release|Win32
	EndGlobalSection
	GlobalSection(SolutionProperties) = preSolution
		HideSolutionNode = FALSE
	EndGlobalSection
	GlobalSection(ExtensibilityGlobals) = postSolution
		SolutionGuid = {78D6399F-7DEF-4D75-BF18-17F2AE5B327B}
	EndGlobalSection
EndGlobal
